
Microsoft Visual Studio Solution File, Format Version 12.00
# Visual Studio Version 16
VisualStudioVersion = 16.0.30717.126
MinimumVisualStudioVersion = 10.0.40219.1
Project("{9A19103F-16F7-4668-BE54-9A1E7A4F7556}") = "SchooleQuiz_OOP.netCore", "SchooleQuiz_OOP\SchooleQuiz_OOP.netCore.csproj", "{B84B0545-E892-4E79-8335-B0B88C204E6E}"
EndProject
Project("{FAE04EC0-301F-11D3-BF4B-00C04F79EFBC}") = "SchooleQuiz_OOP.netfreamwork", "SchooleQuiz_OOP.netfreamwork\SchooleQuiz_OOP.netfreamwork.csproj", "{47FC17A0-C185-4CA5-9240-25D40A710EA3}"
EndProject
Global
	GlobalSection(SolutionConfigurationPlatforms) = preSolution
		Debug|Any CPU = Debug|Any CPU
		Release|Any CPU = Release|Any CPU
	EndGlobalSection
	GlobalSection(ProjectConfigurationPlatforms) = postSolution
		{B84B0545-E892-4E79-8335-B0B88C204E6E}.Debug|Any CPU.ActiveCfg = Debug|Any CPU
		{B84B0545-E892-4E79-8335-B0B88C204E6E}.Debug|Any CPU.Build.0 = Debug|Any CPU
		{B84B0545-E892-4E79-8335-B0B88C204E6E}.Release|Any CPU.ActiveCfg = Release|Any CPU
		{B84B0545-E892-4E79-8335-B0B88C204E6E}.Release|Any CPU.Build.0 = Release|Any CPU
		{47FC17A0-C185-4CA5-9240-25D40A710EA3}.Debug|Any CPU.ActiveCfg = Debug|Any CPU
		{47FC17A0-C185-4CA5-9240-25D40A710EA3}.Debug|Any CPU.Build.0 = Debug|Any CPU
		{47FC17A0-C185-4CA5-9240-25D40A710EA3}.Release|Any CPU.ActiveCfg = Release|Any CPU
		{47FC17A0-C185-4CA5-9240-25D40A710EA3}.Release|Any CPU.Build.0 = Release|Any CPU
	EndGlobalSection
	GlobalSection(SolutionProperties) = preSolution
		HideSolutionNode = FALSE
	EndGlobalSection
	GlobalSection(ExtensibilityGlobals) = postSolution
		SolutionGuid = {A8B038AC-B82C-4116-85EF-1577F9EE62D5}
	EndGlobalSection
EndGlobal
